{
  "name": "exconfig",
  "version": "0.0.1",
  "lockfileVersion": 1,
  "requires": true,
  "dependencies": {
    "ttf": {
      "version": "0.0.1",
      "resolved": "https://registry.npmjs.org/ttf/-/ttf-0.0.1.tgz",
      "integrity": "sha512-sl3w18MEq+yKfPZrx39+DMw643olHuxbbK42xwobWus81s5k9qv1QJYdyEMYVPbvTqBh76WfihxbSAK5XWERvw==",
      "dev": true
    }
  }
}
